// !$*UTF8*$!
{
	archiveVersion = 1;
	classes = {
	};
	objectVersion = 50;
	objects = {

/* Begin PBXBuildFile section */
		1849EAF723C7FA340011DE1E /* AppDelegate.swift in Sources */ = {isa = PBXBuildFile; fileRef = 1849EAF623C7FA340011DE1E /* AppDelegate.swift */; };
		1849EAF923C7FA340011DE1E /* SceneDelegate.swift in Sources */ = {isa = PBXBuildFile; fileRef = 1849EAF823C7FA340011DE1E /* SceneDelegate.swift */; };
		1849EAFB23C7FA340011DE1E /* ContentView.swift in Sources */ = {isa = PBXBuildFile; fileRef = 1849EAFA23C7FA340011DE1E /* ContentView.swift */; };
		1849EAFD23C7FA360011DE1E /* Assets.xcassets in Resources */ = {isa = PBXBuildFile; fileRef = 1849EAFC23C7FA360011DE1E /* Assets.xcassets */; };
		1849EB0023C7FA360011DE1E /* Preview Assets.xcassets in Resources */ = {isa = PBXBuildFile; fileRef = 1849EAFF23C7FA360011DE1E /* Preview Assets.xcassets */; };
		1849EB0323C7FA360011DE1E /* LaunchScreen.storyboard in Resources */ = {isa = PBXBuildFile; fileRef = 1849EB0123C7FA360011DE1E /* LaunchScreen.storyboard */; };
		1849EB0E23C7FA360011DE1E /* GestureRecognitionTests.swift in Sources */ = {isa = PBXBuildFile; fileRef = 1849EB0D23C7FA360011DE1E /* GestureRecognitionTests.swift */; };
		1849EB1923C7FA360011DE1E /* GestureRecognitionUITests.swift in Sources */ = {isa = PBXBuildFile; fileRef = 1849EB1823C7FA360011DE1E /* GestureRecognitionUITests.swift */; };
/* End PBXBuildFile section */

/* Begin PBXContainerItemProxy section */
		1849EB0A23C7FA360011DE1E /* PBXContainerItemProxy */ = {
			isa = PBXContainerItemProxy;
			containerPortal = 1849EAEB23C7FA340011DE1E /* Project object */;
			proxyType = 1;
			remoteGlobalIDString = 1849EAF223C7FA340011DE1E;
			remoteInfo = GestureRecognition;
		};
		1849EB1523C7FA360011DE1E /* PBXContainerItemProxy */ = {
			isa = PBXContainerItemProxy;
			containerPortal = 1849EAEB23C7FA340011DE1E /* Project object */;
			proxyType = 1;
			remoteGlobalIDString = 1849EAF223C7FA340011DE1E;
			remoteInfo = GestureRecognition;
		};
/* End PBXContainerItemProxy section */

/* Begin PBXFileReference section */
		1849EAF323C7FA340011DE1E /* GestureRecognition.app */ = {isa = PBXFileReference; explicitFileType = wrapper.application; includeInIndex = 0; path = GestureRecognition.app; sourceTree = BUILT_PRODUCTS_DIR; };
		1849EAF623C7FA340011DE1E /* AppDelegate.swift */ = {isa = PBXFileReference; lastKnownFileType = sourcecode.swift; path = AppDelegate.swift; sourceTree = "<group>"; };
		1849EAF823C7FA340011DE1E /* SceneDelegate.swift */ = {isa = PBXFileReference; lastKnownFileType = sourcecode.swift; path = SceneDelegate.swift; sourceTree = "<group>"; };
		1849EAFA23C7FA340011DE1E /* ContentView.swift */ = {isa = PBXFileReference; lastKnownFileType = sourcecode.swift; path = ContentView.swift; sourceTree = "<group>"; };
		1849EAFC23C7FA360011DE1E /* Assets.xcassets */ = {isa = PBXFileReference; lastKnownFileType = folder.assetcatalog; path = Assets.xcassets; sourceTree = "<group>"; };
		1849EAFF23C7FA360011DE1E /* Preview Assets.xcassets */ = {isa = PBXFileReference; lastKnownFileType = folder.assetcatalog; path = "Preview Assets.xcassets"; sourceTree = "<group>"; };
		1849EB0223C7FA360011DE1E /* Base */ = {isa = PBXFileReference; lastKnownFileType = file.storyboard; name = Base; path = Base.lproj/LaunchScreen.storyboard; sourceTree = "<group>"; };
		1849EB0423C7FA360011DE1E /* Info.plist */ = {isa = PBXFileReference; lastKnownFileType = text.plist.xml; path = Info.plist; sourceTree = "<group>"; };
		1849EB0923C7FA360011DE1E /* GestureRecognitionTests.xctest */ = {isa = PBXFileReference; explicitFileType = wrapper.cfbundle; includeInIndex = 0; path = GestureRecognitionTests.xctest; sourceTree = BUILT_PRODUCTS_DIR; };
		1849EB0D23C7FA360011DE1E /* GestureRecognitionTests.swift */ = {isa = PBXFileReference; lastKnownFileType = sourcecode.swift; path = GestureRecognitionTests.swift; sourceTree = "<group>"; };
		1849EB0F23C7FA360011DE1E /* Info.plist */ = {isa = PBXFileReference; lastKnownFileType = text.plist.xml; path = Info.plist; sourceTree = "<group>"; };
		1849EB1423C7FA360011DE1E /* GestureRecognitionUITests.xctest */ = {isa = PBXFileReference; explicitFileType = wrapper.cfbundle; includeInIndex = 0; path = GestureRecognitionUITests.xctest; sourceTree = BUILT_PRODUCTS_DIR; };
		1849EB1823C7FA360011DE1E /* GestureRecognitionUITests.swift */ = {isa = PBXFileReference; lastKnownFileType = sourcecode.swift; path = GestureRecognitionUITests.swift; sourceTree = "<group>"; };
		1849EB1A23C7FA360011DE1E /* Info.plist */ = {isa = PBXFileReference; lastKnownFileType = text.plist.xml; path = Info.plist; sourceTree = "<group>"; };
/* End PBXFileReference section */

/* Begin PBXFrameworksBuildPhase section */
		1849EAF023C7FA340011DE1E /* Frameworks */ = {
			isa = PBXFrameworksBuildPhase;
			buildActionMask = 2147483647;
			files = (
			);
			runOnlyForDeploymentPostprocessing = 0;
		};
		1849EB0623C7FA360011DE1E /* Frameworks */ = {
			isa = PBXFrameworksBuildPhase;
			buildActionMask = 2147483647;
			files = (
			);
			runOnlyForDeploymentPostprocessing = 0;
		};
		1849EB1123C7FA360011DE1E /* Frameworks */ = {
			isa = PBXFrameworksBuildPhase;
			buildActionMask = 2147483647;
			files = (
			);
			runOnlyForDeploymentPostprocessing = 0;
		};
/* End PBXFrameworksBuildPhase section */

/* Begin PBXGroup section */
		1849EAEA23C7FA340011DE1E = {
			isa = PBXGroup;
			children = (
				1849EAF523C7FA340011DE1E /* GestureRecognition */,
				1849EB0C23C7FA360011DE1E /* GestureRecognitionTests */,
				1849EB1723C7FA360011DE1E /* GestureRecognitionUITests */,
				1849EAF423C7FA340011DE1E /* Products */,
			);
			sourceTree = "<group>";
		};
		1849EAF423C7FA340011DE1E /* Products */ = {
			isa = PBXGroup;
			children = (
				1849EAF323C7FA340011DE1E /* GestureRecognition.app */,
				1849EB0923C7FA360011DE1E /* GestureRecognitionTests.xctest */,
				1849EB1423C7FA360011DE1E /* GestureRecognitionUITests.xctest */,
			);
			name = Products;
			sourceTree = "<group>";
		};
		1849EAF523C7FA340011DE1E /* GestureRecognition */ = {
			isa = PBXGroup;
			children = (
				1849EAF623C7FA340011DE1E /* AppDelegate.swift */,
				1849EAF823C7FA340011DE1E /* SceneDelegate.swift */,
				1849EAFA23C7FA340011DE1E /* ContentView.swift */,
				1849EAFC23C7FA360011DE1E /* Assets.xcassets */,
				1849EB0123C7FA360011DE1E /* LaunchScreen.storyboard */,
				1849EB0423C7FA360011DE1E /* Info.plist */,
				1849EAFE23C7FA360011DE1E /* Preview Content */,
			);
			path = GestureRecognition;
			sourceTree = "<group>";
		};
		1849EAFE23C7FA360011DE1E /* Preview Content */ = {
			isa = PBXGroup;
			children = (
				1849EAFF23C7FA360011DE1E /* Preview Assets.xcassets */,
			);
			path = "Preview Content";
			sourceTree = "<group>";
		};
		1849EB0C23C7FA360011DE1E /* GestureRecognitionTests */ = {
			isa = PBXGroup;
			children = (
				1849EB0D23C7FA360011DE1E /* GestureRecognitionTests.swift */,
				1849EB0F23C7FA360011DE1E /* Info.plist */,
			);
			path = GestureRecognitionTests;
			sourceTree = "<group>";
		};
		1849EB1723C7FA360011DE1E /* GestureRecognitionUITests */ = {
			isa = PBXGroup;
			children = (
				1849EB1823C7FA360011DE1E /* GestureRecognitionUITests.swift */,
				1849EB1A23C7FA360011DE1E /* Info.plist */,
			);
			path = GestureRecognitionUITests;
			sourceTree = "<group>";
		};
/* End PBXGroup section */

/* Begin PBXNativeTarget section */
		1849EAF223C7FA340011DE1E /* GestureRecognition */ = {
			isa = PBXNativeTarget;
			buildConfigurationList = 1849EB1D23C7FA360011DE1E /* Build configuration list for PBXNativeTarget "GestureRecognition" */;
			buildPhases = (
				1849EAEF23C7FA340011DE1E /* Sources */,
				1849EAF023C7FA340011DE1E /* Frameworks */,
				1849EAF123C7FA340011DE1E /* Resources */,
			);
			buildRules = (
			);
			dependencies = (
			);
			name = GestureRecognition;
			productName = GestureRecognition;
			productReference = 1849EAF323C7FA340011DE1E /* GestureRecognition.app */;
			productType = "com.apple.product-type.application";
		};
		1849EB0823C7FA360011DE1E /* GestureRecognitionTests */ = {
			isa = PBXNativeTarget;
			buildConfigurationList = 1849EB2023C7FA360011DE1E /* Build configuration list for PBXNativeTarget "GestureRecognitionTests" */;
			buildPhases = (
				1849EB0523C7FA360011DE1E /* Sources */,
				1849EB0623C7FA360011DE1E /* Frameworks */,
				1849EB0723C7FA360011DE1E /* Resources */,
			);
			buildRules = (
			);
			dependencies = (
				1849EB0B23C7FA360011DE1E /* PBXTargetDependency */,
			);
			name = GestureRecognitionTests;
			productName = GestureRecognitionTests;
			productReference = 1849EB0923C7FA360011DE1E /* GestureRecognitionTests.xctest */;
			productType = "com.apple.product-type.bundle.unit-test";
		};
		1849EB1323C7FA360011DE1E /* GestureRecognitionUITests */ = {
			isa = PBXNativeTarget;
			buildConfigurationList = 1849EB2323C7FA360011DE1E /* Build configuration list for PBXNativeTarget "GestureRecognitionUITests" */;
			buildPhases = (
				1849EB1023C7FA360011DE1E /* Sources */,
				1849EB1123C7FA360011DE1E /* Frameworks */,
				1849EB1223C7FA360011DE1E /* Resources */,
			);
			buildRules = (
			);
			dependencies = (
				1849EB1623C7FA360011DE1E /* PBXTargetDependency */,
			);
			name = GestureRecognitionUITests;
			productName = GestureRecognitionUITests;
			productReference = 1849EB1423C7FA360011DE1E /* GestureRecognitionUITests.xctest */;
			productType = "com.apple.product-type.bundle.ui-testing";
		};
/* End PBXNativeTarget section */

/* Begin PBXProject section */
		1849EAEB23C7FA340011DE1E /* Project object */ = {
			isa = PBXProject;
			attributes = {
				LastSwiftUpdateCheck = 1130;
				LastUpgradeCheck = 1130;
				ORGANIZATIONNAME = "Zachary Horine";
				TargetAttributes = {
					1849EAF223C7FA340011DE1E = {
						CreatedOnToolsVersion = 11.3;
					};
					1849EB0823C7FA360011DE1E = {
						CreatedOnToolsVersion = 11.3;
						TestTargetID = 1849EAF223C7FA340011DE1E;
					};
					1849EB1323C7FA360011DE1E = {
						CreatedOnToolsVersion = 11.3;
						TestTargetID = 1849EAF223C7FA340011DE1E;
					};
				};
			};
			buildConfigurationList = 1849EAEE23C7FA340011DE1E /* Build configuration list for PBXProject "GestureRecognition" */;
			compatibilityVersion = "Xcode 9.3";
			developmentRegion = en;
			hasScannedForEncodings = 0;
			knownRegions = (
				en,
				Base,
			);
			mainGroup = 1849EAEA23C7FA340011DE1E;
			productRefGroup = 1849EAF423C7FA340011DE1E /* Products */;
			projectDirPath = "";
			projectRoot = "";
			targets = (
				1849EAF223C7FA340011DE1E /* GestureRecognition */,
				1849EB0823C7FA360011DE1E /* GestureRecognitionTests */,
				1849EB1323C7FA360011DE1E /* GestureRecognitionUITests */,
			);
		};
/* End PBXProject section */

/* Begin PBXResourcesBuildPhase section */
		1849EAF123C7FA340011DE1E /* Resources */ = {
			isa = PBXResourcesBuildPhase;
			buildActionMask = 2147483647;
			files = (
				1849EB0323C7FA360011DE1E /* LaunchScreen.storyboard in Resources */,
				1849EB0023C7FA360011DE1E /* Preview Assets.xcassets in Resources */,
				1849EAFD23C7FA360011DE1E /* Assets.xcassets in Resources */,
			);
			runOnlyForDeploymentPostprocessing = 0;
		};
		1849EB0723C7FA360011DE1E /* Resources */ = {
			isa = PBXResourcesBuildPhase;
			buildActionMask = 2147483647;
			files = (
			);
			runOnlyForDeploymentPostprocessing = 0;
		};
		1849EB1223C7FA360011DE1E /* Resources */ = {
			isa = PBXResourcesBuildPhase;
			buildActionMask = 2147483647;
			files = (
			);
			runOnlyForDeploymentPostprocessing = 0;
		};
/* End PBXResourcesBuildPhase section */

/* Begin PBXSourcesBuildPhase section */
		1849EAEF23C7FA340011DE1E /* Sources */ = {
			isa = PBXSourcesBuildPhase;
			buildActionMask = 2147483647;
			files = (
				1849EAF723C7FA340011DE1E /* AppDelegate.swift in Sources */,
				1849EAF923C7FA340011DE1E /* SceneDelegate.swift in Sources */,
				1849EAFB23C7FA340011DE1E /* ContentView.swift in Sources */,
			);
			runOnlyForDeploymentPostprocessing = 0;
		};
		1849EB0523C7FA360011DE1E /* Sources */ = {
			isa = PBXSourcesBuildPhase;
			buildActionMask = 2147483647;
			files = (
				1849EB0E23C7FA360011DE1E /* GestureRecognitionTests.swift in Sources */,
			);
			runOnlyForDeploymentPostprocessing = 0;
		};
		1849EB1023C7FA360011DE1E /* Sources */ = {
			isa = PBXSourcesBuildPhase;
			buildActionMask = 2147483647;
			files = (
				1849EB1923C7FA360011DE1E /* GestureRecognitionUITests.swift in Sources */,
			);
			runOnlyForDeploymentPostprocessing = 0;
		};
/* End PBXSourcesBuildPhase section */

/* Begin PBXTargetDependency section */
		1849EB0B23C7FA360011DE1E /* PBXTargetDependency */ = {
			isa = PBXTargetDependency;
			target = 1849EAF223C7FA340011DE1E /* GestureRecognition */;
			targetProxy = 1849EB0A23C7FA360011DE1E /* PBXContainerItemProxy */;
		};
		1849EB1623C7FA360011DE1E /* PBXTargetDependency */ = {
			isa = PBXTargetDependency;
			target = 1849EAF223C7FA340011DE1E /* GestureRecognition */;
			targetProxy = 1849EB1523C7FA360011DE1E /* PBXContainerItemProxy */;
		};
/* End PBXTargetDependency section */

/* Begin PBXVariantGroup section */
		1849EB0123C7FA360011DE1E /* LaunchScreen.storyboard */ = {
			isa = PBXVariantGroup;
			children = (
				1849EB0223C7FA360011DE1E /* Base */,
			);
			name = LaunchScreen.storyboard;
			sourceTree = "<group>";
		};
/* End PBXVariantGroup section */

/* Begin XCBuildConfiguration section */
		1849EB1B23C7FA360011DE1E /* Debug */ = {
			isa = XCBuildConfiguration;
			buildSettings = {
				ALWAYS_SEARCH_USER_PATHS = NO;
				CLANG_ANALYZER_NONNULL = YES;
				CLANG_ANALYZER_NUMBER_OBJECT_CONVERSION = YES_AGGRESSIVE;
				CLANG_CXX_LANGUAGE_STANDARD = "gnu++14";
				CLANG_CXX_LIBRARY = "libc++";
				CLANG_ENABLE_MODULES = YES;
				CLANG_ENABLE_OBJC_ARC = YES;
				CLANG_ENABLE_OBJC_WEAK = YES;
				CLANG_WARN_BLOCK_CAPTURE_AUTORELEASING = YES;
				CLANG_WARN_BOOL_CONVERSION = YES;
				CLANG_WARN_COMMA = YES;
				CLANG_WARN_CONSTANT_CONVERSION = YES;
				CLANG_WARN_DEPRECATED_OBJC_IMPLEMENTATIONS = YES;
				CLANG_WARN_DIRECT_OBJC_ISA_USAGE = YES_ERROR;
				CLANG_WARN_DOCUMENTATION_COMMENTS = YES;
				CLANG_WARN_EMPTY_BODY = YES;
				CLANG_WARN_ENUM_CONVERSION = YES;
				CLANG_WARN_INFINITE_RECURSION = YES;
				CLANG_WARN_INT_CONVERSION = YES;
				CLANG_WARN_NON_LITERAL_NULL_CONVERSION = YES;
				CLANG_WARN_OBJC_IMPLICIT_RETAIN_SELF = YES;
				CLANG_WARN_OBJC_LITERAL_CONVERSION = YES;
				CLANG_WARN_OBJC_ROOT_CLASS = YES_ERROR;
				CLANG_WARN_RANGE_LOOP_ANALYSIS = YES;
				CLANG_WARN_STRICT_PROTOTYPES = YES;
				CLANG_WARN_SUSPICIOUS_MOVE = YES;
				CLANG_WARN_UNGUARDED_AVAILABILITY = YES_AGGRESSIVE;
				CLANG_WARN_UNREACHABLE_CODE = YES;
				CLANG_WARN__DUPLICATE_METHOD_MATCH = YES;
				COPY_PHASE_STRIP = NO;
				DEBUG_INFORMATION_FORMAT = dwarf;
				ENABLE_STRICT_OBJC_MSGSEND = YES;
				ENABLE_TESTABILITY = YES;
				GCC_C_LANGUAGE_STANDARD = gnu11;
				GCC_DYNAMIC_NO_PIC = NO;
				GCC_NO_COMMON_BLOCKS = YES;
				GCC_OPTIMIZATION_LEVEL = 0;
				GCC_PREPROCESSOR_DEFINITIONS = (
					"DEBUG=1",
					"$(inherited)",
				);
				GCC_WARN_64_TO_32_BIT_CONVERSION = YES;
				GCC_WARN_ABOUT_RETURN_TYPE = YES_ERROR;
				GCC_WARN_UNDECLARED_SELECTOR = YES;
				GCC_WARN_UNINITIALIZED_AUTOS = YES_AGGRESSIVE;
				GCC_WARN_UNUSED_FUNCTION = YES;
				GCC_WARN_UNUSED_VARIABLE = YES;
				IPHONEOS_DEPLOYMENT_TARGET = 13.2;
				MTL_ENABLE_DEBUG_INFO = INCLUDE_SOURCE;
				MTL_FAST_MATH = YES;
				ONLY_ACTIVE_ARCH = YES;
				SDKROOT = iphoneos;
				SWIFT_ACTIVE_COMPILATION_CONDITIONS = DEBUG;
				SWIFT_OPTIMIZATION_LEVEL = "-Onone";
			};
			name = Debug;
		};
		1849EB1C23C7FA360011DE1E /* Release */ = {
			isa = XCBuildConfiguration;
			buildSettings = {
				ALWAYS_SEARCH_USER_PATHS = NO;
				CLANG_ANALYZER_NONNULL = YES;
				CLANG_ANALYZER_NUMBER_OBJECT_CONVERSION = YES_AGGRESSIVE;
				CLANG_CXX_LANGUAGE_STANDARD = "gnu++14";
				CLANG_CXX_LIBRARY = "libc++";
				CLANG_ENABLE_MODULES = YES;
				CLANG_ENABLE_OBJC_ARC = YES;
				CLANG_ENABLE_OBJC_WEAK = YES;
				CLANG_WARN_BLOCK_CAPTURE_AUTORELEASING = YES;
				CLANG_WARN_BOOL_CONVERSION = YES;
				CLANG_WARN_COMMA = YES;
				CLANG_WARN_CONSTANT_CONVERSION = YES;
				CLANG_WARN_DEPRECATED_OBJC_IMPLEMENTATIONS = YES;
				CLANG_WARN_DIRECT_OBJC_ISA_USAGE = YES_ERROR;
				CLANG_WARN_DOCUMENTATION_COMMENTS = YES;
				CLANG_WARN_EMPTY_BODY = YES;
				CLANG_WARN_ENUM_CONVERSION = YES;
				CLANG_WARN_INFINITE_RECURSION = YES;
				CLANG_WARN_INT_CONVERSION = YES;
				CLANG_WARN_NON_LITERAL_NULL_CONVERSION = YES;
				CLANG_WARN_OBJC_IMPLICIT_RETAIN_SELF = YES;
				CLANG_WARN_OBJC_LITERAL_CONVERSION = YES;
				CLANG_WARN_OBJC_ROOT_CLASS = YES_ERROR;
				CLANG_WARN_RANGE_LOOP_ANALYSIS = YES;
				CLANG_WARN_STRICT_PROTOTYPES = YES;
				CLANG_WARN_SUSPICIOUS_MOVE = YES;
				CLANG_WARN_UNGUARDED_AVAILABILITY = YES_AGGRESSIVE;
				CLANG_WARN_UNREACHABLE_CODE = YES;
				CLANG_WARN__DUPLICATE_METHOD_MATCH = YES;
				COPY_PHASE_STRIP = NO;
				DEBUG_INFORMATION_FORMAT = "dwarf-with-dsym";
				ENABLE_NS_ASSERTIONS = NO;
				ENABLE_STRICT_OBJC_MSGSEND = YES;
				GCC_C_LANGUAGE_STANDARD = gnu11;
				GCC_NO_COMMON_BLOCKS = YES;
				GCC_WARN_64_TO_32_BIT_CONVERSION = YES;
				GCC_WARN_ABOUT_RETURN_TYPE = YES_ERROR;
				GCC_WARN_UNDECLARED_SELECTOR = YES;
				GCC_WARN_UNINITIALIZED_AUTOS = YES_AGGRESSIVE;
				GCC_WARN_UNUSED_FUNCTION = YES;
				GCC_WARN_UNUSED_VARIABLE = YES;
				IPHONEOS_DEPLOYMENT_TARGET = 13.2;
				MTL_ENABLE_DEBUG_INFO = NO;
				MTL_FAST_MATH = YES;
				SDKROOT = iphoneos;
				SWIFT_COMPILATION_MODE = wholemodule;
				SWIFT_OPTIMIZATION_LEVEL = "-O";
				VALIDATE_PRODUCT = YES;
			};
			name = Release;
		};
		1849EB1E23C7FA360011DE1E /* Debug */ = {
			isa = XCBuildConfiguration;
			buildSettings = {
				ASSETCATALOG_COMPILER_APPICON_NAME = AppIcon;
				CODE_SIGN_STYLE = Automatic;
				DEVELOPMENT_ASSET_PATHS = "\"GestureRecognition/Preview Content\"";
				ENABLE_PREVIEWS = YES;
				INFOPLIST_FILE = GestureRecognition/Info.plist;
				LD_RUNPATH_SEARCH_PATHS = (
					"$(inherited)",
					"@executable_path/Frameworks",
				);
				PRODUCT_BUNDLE_IDENTIFIER = dev.horine.GestureRecognition;
				PRODUCT_NAME = "$(TARGET_NAME)";
				SWIFT_VERSION = 5.0;
				TARGETED_DEVICE_FAMILY = "1,2";
			};
			name = Debug;
		};
		1849EB1F23C7FA360011DE1E /* Release */ = {
			isa = XCBuildConfiguration;
			buildSettings = {
				ASSETCATALOG_COMPILER_APPICON_NAME = AppIcon;
				CODE_SIGN_STYLE = Automatic;
				DEVELOPMENT_ASSET_PATHS = "\"GestureRecognition/Preview Content\"";
				ENABLE_PREVIEWS = YES;
				INFOPLIST_FILE = GestureRecognition/Info.plist;
				LD_RUNPATH_SEARCH_PATHS = (
					"$(inherited)",
					"@executable_path/Frameworks",
				);
				PRODUCT_BUNDLE_IDENTIFIER = dev.horine.GestureRecognition;
				PRODUCT_NAME = "$(TARGET_NAME)";
				SWIFT_VERSION = 5.0;
				TARGETED_DEVICE_FAMILY = "1,2";
			};
			name = Release;
		};
		1849EB2123C7FA360011DE1E /* Debug */ = {
			isa = XCBuildConfiguration;
			buildSettings = {
				ALWAYS_EMBED_SWIFT_STANDARD_LIBRARIES = YES;
				BUNDLE_LOADER = "$(TEST_HOST)";
				CODE_SIGN_STYLE = Automatic;
				INFOPLIST_FILE = GestureRecognitionTests/Info.plist;
				IPHONEOS_DEPLOYMENT_TARGET = 13.2;
				LD_RUNPATH_SEARCH_PATHS = (
					"$(inherited)",
					"@executable_path/Frameworks",
					"@loader_path/Frameworks",
				);
				PRODUCT_BUNDLE_IDENTIFIER = dev.horine.GestureRecognitionTests;
				PRODUCT_NAME = "$(TARGET_NAME)";
				SWIFT_VERSION = 5.0;
				TARGETED_DEVICE_FAMILY = "1,2";
				TEST_HOST = "$(BUILT_PRODUCTS_DIR)/GestureRecognition.app/GestureRecognition";
			};
			name = Debug;
		};
		1849EB2223C7FA360011DE1E /* Release */ = {
			isa = XCBuildConfiguration;
			buildSettings = {
				ALWAYS_EMBED_SWIFT_STANDARD_LIBRARIES = YES;
				BUNDLE_LOADER = "$(TEST_HOST)";
				CODE_SIGN_STYLE = Automatic;
				INFOPLIST_FILE = GestureRecognitionTests/Info.plist;
				IPHONEOS_DEPLOYMENT_TARGET = 13.2;
				LD_RUNPATH_SEARCH_PATHS = (
					"$(inherited)",
					"@executable_path/Frameworks",
					"@loader_path/Frameworks",
				);
				PRODUCT_BUNDLE_IDENTIFIER = dev.horine.GestureRecognitionTests;
				PRODUCT_NAME = "$(TARGET_NAME)";
				SWIFT_VERSION = 5.0;
				TARGETED_DEVICE_FAMILY = "1,2";
				TEST_HOST = "$(BUILT_PRODUCTS_DIR)/GestureRecognition.app/GestureRecognition";
			};
			name = Release;
		};
		1849EB2423C7FA360011DE1E /* Debug */ = {
			isa = XCBuildConfiguration;
			buildSettings = {
				ALWAYS_EMBED_SWIFT_STANDARD_LIBRARIES = YES;
				CODE_SIGN_STYLE = Automatic;
				INFOPLIST_FILE = GestureRecognitionUITests/Info.plist;
				LD_RUNPATH_SEARCH_PATHS = (
					"$(inherited)",
					"@executable_path/Frameworks",
					"@loader_path/Frameworks",
				);
				PRODUCT_BUNDLE_IDENTIFIER = dev.horine.GestureRecognitionUITests;
				PRODUCT_NAME = "$(TARGET_NAME)";
				SWIFT_VERSION = 5.0;
				TARGETED_DEVICE_FAMILY = "1,2";
				TEST_TARGET_NAME = GestureRecognition;
			};
			name = Debug;
		};
		1849EB2523C7FA360011DE1E /* Release */ = {
			isa = XCBuildConfiguration;
			buildSettings = {
				ALWAYS_EMBED_SWIFT_STANDARD_LIBRARIES = YES;
				CODE_SIGN_STYLE = Automatic;
				INFOPLIST_FILE = GestureRecognitionUITests/Info.plist;
				LD_RUNPATH_SEARCH_PATHS = (
					"$(inherited)",
					"@executable_path/Frameworks",
					"@loader_path/Frameworks",
				);
				PRODUCT_BUNDLE_IDENTIFIER = dev.horine.GestureRecognitionUITests;
				PRODUCT_NAME = "$(TARGET_NAME)";
				SWIFT_VERSION = 5.0;
				TARGETED_DEVICE_FAMILY = "1,2";
				TEST_TARGET_NAME = GestureRecognition;
			};
			name = Release;
		};
/* End XCBuildConfiguration section */

/* Begin XCConfigurationList section */
		1849EAEE23C7FA340011DE1E /* Build configuration list for PBXProject "GestureRecognition" */ = {
			isa = XCConfigurationList;
			buildConfigurations = (
				1849EB1B23C7FA360011DE1E /* Debug */,
				1849EB1C23C7FA360011DE1E /* Release */,
			);
			defaultConfigurationIsVisible = 0;
			defaultConfigurationName = Release;
		};
		1849EB1D23C7FA360011DE1E /* Build configuration list for PBXNativeTarget "GestureRecognition" */ = {
			isa = XCConfigurationList;
			buildConfigurations = (
				1849EB1E23C7FA360011DE1E /* Debug */,
				1849EB1F23C7FA360011DE1E /* Release */,
			);
			defaultConfigurationIsVisible = 0;
			defaultConfigurationName = Release;
		};
		1849EB2023C7FA360011DE1E /* Build configuration list for PBXNativeTarget "GestureRecognitionTests" */ = {
			isa = XCConfigurationList;
			buildConfigurations = (
				1849EB2123C7FA360011DE1E /* Debug */,
				1849EB2223C7FA360011DE1E /* Release */,
			);
			defaultConfigurationIsVisible = 0;
			defaultConfigurationName = Release;
		};
		1849EB2323C7FA360011DE1E /* Build configuration list for PBXNativeTarget "GestureRecognitionUITests" */ = {
			isa = XCConfigurationList;
			buildConfigurations = (
				1849EB2423C7FA360011DE1E /* Debug */,
				1849EB2523C7FA360011DE1E /* Release */,
			);
			defaultConfigurationIsVisible = 0;
			defaultConfigurationName = Release;
		};
/* End XCConfigurationList section */
	};
	rootObject = 1849EAEB23C7FA340011DE1E /* Project object */;
}
